
Microsoft Visual Studio Solution File, Format Version 12.00
# Visual Studio 15
VisualStudioVersion = 15.0.28010.2003
MinimumVisualStudioVersion = 10.0.40219.1
Project("{FAE04EC0-301F-11D3-BF4B-00C04F79EFBC}") = "homework10", "homework10\homework10.csproj", "{DBD94379-0BCF-488E-A042-15EC37BD8621}"
EndProject
Global
	GlobalSection(SolutionConfigurationPlatforms) = preSolution
		Debug|Any CPU = Debug|Any CPU
		Release|Any CPU = Release|Any CPU
	EndGlobalSection
	GlobalSection(ProjectConfigurationPlatforms) = postSolution
		{DBD94379-0BCF-488E-A042-15EC37BD8621}.Debug|Any CPU.ActiveCfg = Debug|Any CPU
		{DBD94379-0BCF-488E-A042-15EC37BD8621}.Debug|Any CPU.Build.0 = Debug|Any CPU
		{DBD94379-0BCF-488E-A042-15EC37BD8621}.Release|Any CPU.ActiveCfg = Release|Any CPU
		{DBD94379-0BCF-488E-A042-15EC37BD8621}.Release|Any CPU.Build.0 = Release|Any CPU
	EndGlobalSection
	GlobalSection(SolutionProperties) = preSolution
		HideSolutionNode = FALSE
	EndGlobalSection
	GlobalSection(ExtensibilityGlobals) = postSolution
		SolutionGuid = {2398E266-B05B-4063-AA0B-D81477EC33AD}
	EndGlobalSection
EndGlobal
