
Microsoft Visual Studio Solution File, Format Version 12.00
# Visual Studio 15
VisualStudioVersion = 15.0.28010.2003
MinimumVisualStudioVersion = 10.0.40219.1
Project("{FAE04EC0-301F-11D3-BF4B-00C04F79EFBC}") = "program1", "homework2\program1.csproj", "{2A67AACF-72C1-4A15-BC1F-740444FCBC5E}"
EndProject
Project("{FAE04EC0-301F-11D3-BF4B-00C04F79EFBC}") = "program2", "program2\program2.csproj", "{C87F5880-29F8-4427-A024-500BF28BCE0D}"
EndProject
Project("{FAE04EC0-301F-11D3-BF4B-00C04F79EFBC}") = "program3", "program3\program3.csproj", "{9520293B-D744-40BC-AC7A-FFD7433C1340}"
EndProject
Global
	GlobalSection(SolutionConfigurationPlatforms) = preSolution
		Debug|Any CPU = Debug|Any CPU
		Release|Any CPU = Release|Any CPU
	EndGlobalSection
	GlobalSection(ProjectConfigurationPlatforms) = postSolution
		{2A67AACF-72C1-4A15-BC1F-740444FCBC5E}.Debug|Any CPU.ActiveCfg = Debug|Any CPU
		{2A67AACF-72C1-4A15-BC1F-740444FCBC5E}.Debug|Any CPU.Build.0 = Debug|Any CPU
		{2A67AACF-72C1-4A15-BC1F-740444FCBC5E}.Release|Any CPU.ActiveCfg = Release|Any CPU
		{2A67AACF-72C1-4A15-BC1F-740444FCBC5E}.Release|Any CPU.Build.0 = Release|Any CPU
		{C87F5880-29F8-4427-A024-500BF28BCE0D}.Debug|Any CPU.ActiveCfg = Debug|Any CPU
		{C87F5880-29F8-4427-A024-500BF28BCE0D}.Debug|Any CPU.Build.0 = Debug|Any CPU
		{C87F5880-29F8-4427-A024-500BF28BCE0D}.Release|Any CPU.ActiveCfg = Release|Any CPU
		{C87F5880-29F8-4427-A024-500BF28BCE0D}.Release|Any CPU.Build.0 = Release|Any CPU
		{9520293B-D744-40BC-AC7A-FFD7433C1340}.Debug|Any CPU.ActiveCfg = Debug|Any CPU
		{9520293B-D744-40BC-AC7A-FFD7433C1340}.Debug|Any CPU.Build.0 = Debug|Any CPU
		{9520293B-D744-40BC-AC7A-FFD7433C1340}.Release|Any CPU.ActiveCfg = Release|Any CPU
		{9520293B-D744-40BC-AC7A-FFD7433C1340}.Release|Any CPU.Build.0 = Release|Any CPU
	EndGlobalSection
	GlobalSection(SolutionProperties) = preSolution
		HideSolutionNode = FALSE
	EndGlobalSection
	GlobalSection(ExtensibilityGlobals) = postSolution
		SolutionGuid = {43D88961-251F-4C79-AF5E-B127332825B3}
	EndGlobalSection
EndGlobal
